
Microsoft Visual Studio Solution File, Format Version 12.00
# Visual Studio Version 17
VisualStudioVersion = 17.11.35312.102
MinimumVisualStudioVersion = 10.0.40219.1
Project("{FAE04EC0-301F-11D3-BF4B-00C04F79EFBC}") = "StudentManagementSystem", "StudentManagementSystem\StudentManagementSystem.csproj", "{5765C517-AF63-4023-A48D-516D5B89A04E}"
EndProject
Global
	GlobalSection(SolutionConfigurationPlatforms) = preSolution
		Debug|Any CPU = Debug|Any CPU
		Release|Any CPU = Release|Any CPU
	EndGlobalSection
	GlobalSection(ProjectConfigurationPlatforms) = postSolution
		{5765C517-AF63-4023-A48D-516D5B89A04E}.Debug|Any CPU.ActiveCfg = Debug|Any CPU
		{5765C517-AF63-4023-A48D-516D5B89A04E}.Debug|Any CPU.Build.0 = Debug|Any CPU
		{5765C517-AF63-4023-A48D-516D5B89A04E}.Release|Any CPU.ActiveCfg = Release|Any CPU
		{5765C517-AF63-4023-A48D-516D5B89A04E}.Release|Any CPU.Build.0 = Release|Any CPU
	EndGlobalSection
	GlobalSection(SolutionProperties) = preSolution
		HideSolutionNode = FALSE
	EndGlobalSection
	GlobalSection(ExtensibilityGlobals) = postSolution
		SolutionGuid = {440CD855-42B9-44A4-B6AC-FC6080C41E65}
	EndGlobalSection
EndGlobal
